// !$*UTF8*$!
{
	archiveVersion = 1;
	classes = {
	};
	objectVersion = 46;
	objects = {

/* Begin PBXBuildFile section */
		A5A556CB1D31103500F37CC4 /* AppDelegate.swift in Sources */ = {isa = PBXBuildFile; fileRef = A5A556CA1D31103500F37CC4 /* AppDelegate.swift */; };
		A5A556CD1D31103500F37CC4 /* FirstViewController.swift in Sources */ = {isa = PBXBuildFile; fileRef = A5A556CC1D31103500F37CC4 /* FirstViewController.swift */; };
		A5A556CF1D31103500F37CC4 /* SecondViewController.swift in Sources */ = {isa = PBXBuildFile; fileRef = A5A556CE1D31103500F37CC4 /* SecondViewController.swift */; };
		A5A556D21D31103500F37CC4 /* Main.storyboard in Resources */ = {isa = PBXBuildFile; fileRef = A5A556D01D31103500F37CC4 /* Main.storyboard */; };
		A5A556D41D31103500F37CC4 /* Assets.xcassets in Resources */ = {isa = PBXBuildFile; fileRef = A5A556D31D31103500F37CC4 /* Assets.xcassets */; };
		A5A556D71D31103500F37CC4 /* LaunchScreen.storyboard in Resources */ = {isa = PBXBuildFile; fileRef = A5A556D51D31103500F37CC4 /* LaunchScreen.storyboard */; };
		A5A556E21D31103500F37CC4 /* TabBarExampleTests.swift in Sources */ = {isa = PBXBuildFile; fileRef = A5A556E11D31103500F37CC4 /* TabBarExampleTests.swift */; };
		A5A556ED1D31103500F37CC4 /* TabBarExampleUITests.swift in Sources */ = {isa = PBXBuildFile; fileRef = A5A556EC1D31103500F37CC4 /* TabBarExampleUITests.swift */; };
/* End PBXBuildFile section */

/* Begin PBXContainerItemProxy section */
		A5A556DE1D31103500F37CC4 /* PBXContainerItemProxy */ = {
			isa = PBXContainerItemProxy;
			containerPortal = A5A556BF1D31103500F37CC4 /* Project object */;
			proxyType = 1;
			remoteGlobalIDString = A5A556C61D31103500F37CC4;
			remoteInfo = TabBarExample;
		};
		A5A556E91D31103500F37CC4 /* PBXContainerItemProxy */ = {
			isa = PBXContainerItemProxy;
			containerPortal = A5A556BF1D31103500F37CC4 /* Project object */;
			proxyType = 1;
			remoteGlobalIDString = A5A556C61D31103500F37CC4;
			remoteInfo = TabBarExample;
		};
/* End PBXContainerItemProxy section */

/* Begin PBXFileReference section */
		A5A556C71D31103500F37CC4 /* TabBarExample.app */ = {isa = PBXFileReference; explicitFileType = wrapper.application; includeInIndex = 0; path = TabBarExample.app; sourceTree = BUILT_PRODUCTS_DIR; };
		A5A556CA1D31103500F37CC4 /* AppDelegate.swift */ = {isa = PBXFileReference; lastKnownFileType = sourcecode.swift; path = AppDelegate.swift; sourceTree = "<group>"; };
		A5A556CC1D31103500F37CC4 /* FirstViewController.swift */ = {isa = PBXFileReference; lastKnownFileType = sourcecode.swift; path = FirstViewController.swift; sourceTree = "<group>"; };
		A5A556CE1D31103500F37CC4 /* SecondViewController.swift */ = {isa = PBXFileReference; lastKnownFileType = sourcecode.swift; path = SecondViewController.swift; sourceTree = "<group>"; };
		A5A556D11D31103500F37CC4 /* Base */ = {isa = PBXFileReference; lastKnownFileType = file.storyboard; name = Base; path = Base.lproj/Main.storyboard; sourceTree = "<group>"; };
		A5A556D31D31103500F37CC4 /* Assets.xcassets */ = {isa = PBXFileReference; lastKnownFileType = folder.assetcatalog; path = Assets.xcassets; sourceTree = "<group>"; };
		A5A556D61D31103500F37CC4 /* Base */ = {isa = PBXFileReference; lastKnownFileType = file.storyboard; name = Base; path = Base.lproj/LaunchScreen.storyboard; sourceTree = "<group>"; };
		A5A556D81D31103500F37CC4 /* Info.plist */ = {isa = PBXFileReference; lastKnownFileType = text.plist.xml; path = Info.plist; sourceTree = "<group>"; };
		A5A556DD1D31103500F37CC4 /* TabBarExampleTests.xctest */ = {isa = PBXFileReference; explicitFileType = wrapper.cfbundle; includeInIndex = 0; path = TabBarExampleTests.xctest; sourceTree = BUILT_PRODUCTS_DIR; };
		A5A556E11D31103500F37CC4 /* TabBarExampleTests.swift */ = {isa = PBXFileReference; lastKnownFileType = sourcecode.swift; path = TabBarExampleTests.swift; sourceTree = "<group>"; };
		A5A556E31D31103500F37CC4 /* Info.plist */ = {isa = PBXFileReference; lastKnownFileType = text.plist.xml; path = Info.plist; sourceTree = "<group>"; };
		A5A556E81D31103500F37CC4 /* TabBarExampleUITests.xctest */ = {isa = PBXFileReference; explicitFileType = wrapper.cfbundle; includeInIndex = 0; path = TabBarExampleUITests.xctest; sourceTree = BUILT_PRODUCTS_DIR; };
		A5A556EC1D31103500F37CC4 /* TabBarExampleUITests.swift */ = {isa = PBXFileReference; lastKnownFileType = sourcecode.swift; path = TabBarExampleUITests.swift; sourceTree = "<group>"; };
		A5A556EE1D31103500F37CC4 /* Info.plist */ = {isa = PBXFileReference; lastKnownFileType = text.plist.xml; path = Info.plist; sourceTree = "<group>"; };
/* End PBXFileReference section */

/* Begin PBXFrameworksBuildPhase section */
		A5A556C41D31103500F37CC4 /* Frameworks */ = {
			isa = PBXFrameworksBuildPhase;
			buildActionMask = 2147483647;
			files = (
			);
			runOnlyForDeploymentPostprocessing = 0;
		};
		A5A556DA1D31103500F37CC4 /* Frameworks */ = {
			isa = PBXFrameworksBuildPhase;
			buildActionMask = 2147483647;
			files = (
			);
			runOnlyForDeploymentPostprocessing = 0;
		};
		A5A556E51D31103500F37CC4 /* Frameworks */ = {
			isa = PBXFrameworksBuildPhase;
			buildActionMask = 2147483647;
			files = (
			);
			runOnlyForDeploymentPostprocessing = 0;
		};
/* End PBXFrameworksBuildPhase section */

/* Begin PBXGroup section */
		A5A556BE1D31103500F37CC4 = {
			isa = PBXGroup;
			children = (
				A5A556C91D31103500F37CC4 /* TabBarExample */,
				A5A556E01D31103500F37CC4 /* TabBarExampleTests */,
				A5A556EB1D31103500F37CC4 /* TabBarExampleUITests */,
				A5A556C81D31103500F37CC4 /* Products */,
			);
			sourceTree = "<group>";
		};
		A5A556C81D31103500F37CC4 /* Products */ = {
			isa = PBXGroup;
			children = (
				A5A556C71D31103500F37CC4 /* TabBarExample.app */,
				A5A556DD1D31103500F37CC4 /* TabBarExampleTests.xctest */,
				A5A556E81D31103500F37CC4 /* TabBarExampleUITests.xctest */,
			);
			name = Products;
			sourceTree = "<group>";
		};
		A5A556C91D31103500F37CC4 /* TabBarExample */ = {
			isa = PBXGroup;
			children = (
				A5A556CA1D31103500F37CC4 /* AppDelegate.swift */,
				A5A556CC1D31103500F37CC4 /* FirstViewController.swift */,
				A5A556CE1D31103500F37CC4 /* SecondViewController.swift */,
				A5A556D01D31103500F37CC4 /* Main.storyboard */,
				A5A556D31D31103500F37CC4 /* Assets.xcassets */,
				A5A556D51D31103500F37CC4 /* LaunchScreen.storyboard */,
				A5A556D81D31103500F37CC4 /* Info.plist */,
			);
			path = TabBarExample;
			sourceTree = "<group>";
		};
		A5A556E01D31103500F37CC4 /* TabBarExampleTests */ = {
			isa = PBXGroup;
			children = (
				A5A556E11D31103500F37CC4 /* TabBarExampleTests.swift */,
				A5A556E31D31103500F37CC4 /* Info.plist */,
			);
			path = TabBarExampleTests;
			sourceTree = "<group>";
		};
		A5A556EB1D31103500F37CC4 /* TabBarExampleUITests */ = {
			isa = PBXGroup;
			children = (
				A5A556EC1D31103500F37CC4 /* TabBarExampleUITests.swift */,
				A5A556EE1D31103500F37CC4 /* Info.plist */,
			);
			path = TabBarExampleUITests;
			sourceTree = "<group>";
		};
/* End PBXGroup section */

/* Begin PBXNativeTarget section */
		A5A556C61D31103500F37CC4 /* TabBarExample */ = {
			isa = PBXNativeTarget;
			buildConfigurationList = A5A556F11D31103500F37CC4 /* Build configuration list for PBXNativeTarget "TabBarExample" */;
			buildPhases = (
				A5A556C31D31103500F37CC4 /* Sources */,
				A5A556C41D31103500F37CC4 /* Frameworks */,
				A5A556C51D31103500F37CC4 /* Resources */,
			);
			buildRules = (
			);
			dependencies = (
			);
			name = TabBarExample;
			productName = TabBarExample;
			productReference = A5A556C71D31103500F37CC4 /* TabBarExample.app */;
			productType = "com.apple.product-type.application";
		};
		A5A556DC1D31103500F37CC4 /* TabBarExampleTests */ = {
			isa = PBXNativeTarget;
			buildConfigurationList = A5A556F41D31103500F37CC4 /* Build configuration list for PBXNativeTarget "TabBarExampleTests" */;
			buildPhases = (
				A5A556D91D31103500F37CC4 /* Sources */,
				A5A556DA1D31103500F37CC4 /* Frameworks */,
				A5A556DB1D31103500F37CC4 /* Resources */,
			);
			buildRules = (
			);
			dependencies = (
				A5A556DF1D31103500F37CC4 /* PBXTargetDependency */,
			);
			name = TabBarExampleTests;
			productName = TabBarExampleTests;
			productReference = A5A556DD1D31103500F37CC4 /* TabBarExampleTests.xctest */;
			productType = "com.apple.product-type.bundle.unit-test";
		};
		A5A556E71D31103500F37CC4 /* TabBarExampleUITests */ = {
			isa = PBXNativeTarget;
			buildConfigurationList = A5A556F71D31103500F37CC4 /* Build configuration list for PBXNativeTarget "TabBarExampleUITests" */;
			buildPhases = (
				A5A556E41D31103500F37CC4 /* Sources */,
				A5A556E51D31103500F37CC4 /* Frameworks */,
				A5A556E61D31103500F37CC4 /* Resources */,
			);
			buildRules = (
			);
			dependencies = (
				A5A556EA1D31103500F37CC4 /* PBXTargetDependency */,
			);
			name = TabBarExampleUITests;
			productName = TabBarExampleUITests;
			productReference = A5A556E81D31103500F37CC4 /* TabBarExampleUITests.xctest */;
			productType = "com.apple.product-type.bundle.ui-testing";
		};
/* End PBXNativeTarget section */

/* Begin PBXProject section */
		A5A556BF1D31103500F37CC4 /* Project object */ = {
			isa = PBXProject;
			attributes = {
				LastSwiftUpdateCheck = 0730;
				LastUpgradeCheck = 0730;
				ORGANIZATIONNAME = "NIIT Technologies";
				TargetAttributes = {
					A5A556C61D31103500F37CC4 = {
						CreatedOnToolsVersion = 7.3.1;
					};
					A5A556DC1D31103500F37CC4 = {
						CreatedOnToolsVersion = 7.3.1;
						TestTargetID = A5A556C61D31103500F37CC4;
					};
					A5A556E71D31103500F37CC4 = {
						CreatedOnToolsVersion = 7.3.1;
						TestTargetID = A5A556C61D31103500F37CC4;
					};
				};
			};
			buildConfigurationList = A5A556C21D31103500F37CC4 /* Build configuration list for PBXProject "TabBarExample" */;
			compatibilityVersion = "Xcode 3.2";
			developmentRegion = English;
			hasScannedForEncodings = 0;
			knownRegions = (
				en,
				Base,
			);
			mainGroup = A5A556BE1D31103500F37CC4;
			productRefGroup = A5A556C81D31103500F37CC4 /* Products */;
			projectDirPath = "";
			projectRoot = "";
			targets = (
				A5A556C61D31103500F37CC4 /* TabBarExample */,
				A5A556DC1D31103500F37CC4 /* TabBarExampleTests */,
				A5A556E71D31103500F37CC4 /* TabBarExampleUITests */,
			);
		};
/* End PBXProject section */

/* Begin PBXResourcesBuildPhase section */
		A5A556C51D31103500F37CC4 /* Resources */ = {
			isa = PBXResourcesBuildPhase;
			buildActionMask = 2147483647;
			files = (
				A5A556D71D31103500F37CC4 /* LaunchScreen.storyboard in Resources */,
				A5A556D41D31103500F37CC4 /* Assets.xcassets in Resources */,
				A5A556D21D31103500F37CC4 /* Main.storyboard in Resources */,
			);
			runOnlyForDeploymentPostprocessing = 0;
		};
		A5A556DB1D31103500F37CC4 /* Resources */ = {
			isa = PBXResourcesBuildPhase;
			buildActionMask = 2147483647;
			files = (
			);
			runOnlyForDeploymentPostprocessing = 0;
		};
		A5A556E61D31103500F37CC4 /* Resources */ = {
			isa = PBXResourcesBuildPhase;
			buildActionMask = 2147483647;
			files = (
			);
			runOnlyForDeploymentPostprocessing = 0;
		};
/* End PBXResourcesBuildPhase section */

/* Begin PBXSourcesBuildPhase section */
		A5A556C31D31103500F37CC4 /* Sources */ = {
			isa = PBXSourcesBuildPhase;
			buildActionMask = 2147483647;
			files = (
				A5A556CF1D31103500F37CC4 /* SecondViewController.swift in Sources */,
				A5A556CB1D31103500F37CC4 /* AppDelegate.swift in Sources */,
				A5A556CD1D31103500F37CC4 /* FirstViewController.swift in Sources */,
			);
			runOnlyForDeploymentPostprocessing = 0;
		};
		A5A556D91D31103500F37CC4 /* Sources */ = {
			isa = PBXSourcesBuildPhase;
			buildActionMask = 2147483647;
			files = (
				A5A556E21D31103500F37CC4 /* TabBarExampleTests.swift in Sources */,
			);
			runOnlyForDeploymentPostprocessing = 0;
		};
		A5A556E41D31103500F37CC4 /* Sources */ = {
			isa = PBXSourcesBuildPhase;
			buildActionMask = 2147483647;
			files = (
				A5A556ED1D31103500F37CC4 /* TabBarExampleUITests.swift in Sources */,
			);
			runOnlyForDeploymentPostprocessing = 0;
		};
/* End PBXSourcesBuildPhase section */

/* Begin PBXTargetDependency section */
		A5A556DF1D31103500F37CC4 /* PBXTargetDependency */ = {
			isa = PBXTargetDependency;
			target = A5A556C61D31103500F37CC4 /* TabBarExample */;
			targetProxy = A5A556DE1D31103500F37CC4 /* PBXContainerItemProxy */;
		};
		A5A556EA1D31103500F37CC4 /* PBXTargetDependency */ = {
			isa = PBXTargetDependency;
			target = A5A556C61D31103500F37CC4 /* TabBarExample */;
			targetProxy = A5A556E91D31103500F37CC4 /* PBXContainerItemProxy */;
		};
/* End PBXTargetDependency section */

/* Begin PBXVariantGroup section */
		A5A556D01D31103500F37CC4 /* Main.storyboard */ = {
			isa = PBXVariantGroup;
			children = (
				A5A556D11D31103500F37CC4 /* Base */,
			);
			name = Main.storyboard;
			sourceTree = "<group>";
		};
		A5A556D51D31103500F37CC4 /* LaunchScreen.storyboard */ = {
			isa = PBXVariantGroup;
			children = (
				A5A556D61D31103500F37CC4 /* Base */,
			);
			name = LaunchScreen.storyboard;
			sourceTree = "<group>";
		};
/* End PBXVariantGroup section */

/* Begin XCBuildConfiguration section */
		A5A556EF1D31103500F37CC4 /* Debug */ = {
			isa = XCBuildConfiguration;
			buildSettings = {
				ALWAYS_SEARCH_USER_PATHS = NO;
				CLANG_ANALYZER_NONNULL = YES;
				CLANG_CXX_LANGUAGE_STANDARD = "gnu++0x";
				CLANG_CXX_LIBRARY = "libc++";
				CLANG_ENABLE_MODULES = YES;
				CLANG_ENABLE_OBJC_ARC = YES;
				CLANG_WARN_BOOL_CONVERSION = YES;
				CLANG_WARN_CONSTANT_CONVERSION = YES;
				CLANG_WARN_DIRECT_OBJC_ISA_USAGE = YES_ERROR;
				CLANG_WARN_EMPTY_BODY = YES;
				CLANG_WARN_ENUM_CONVERSION = YES;
				CLANG_WARN_INT_CONVERSION = YES;
				CLANG_WARN_OBJC_ROOT_CLASS = YES_ERROR;
				CLANG_WARN_UNREACHABLE_CODE = YES;
				CLANG_WARN__DUPLICATE_METHOD_MATCH = YES;
				"CODE_SIGN_IDENTITY[sdk=iphoneos*]" = "iPhone Developer";
				COPY_PHASE_STRIP = NO;
				DEBUG_INFORMATION_FORMAT = dwarf;
				ENABLE_STRICT_OBJC_MSGSEND = YES;
				ENABLE_TESTABILITY = YES;
				GCC_C_LANGUAGE_STANDARD = gnu99;
				GCC_DYNAMIC_NO_PIC = NO;
				GCC_NO_COMMON_BLOCKS = YES;
				GCC_OPTIMIZATION_LEVEL = 0;
				GCC_PREPROCESSOR_DEFINITIONS = (
					"DEBUG=1",
					"$(inherited)",
				);
				GCC_WARN_64_TO_32_BIT_CONVERSION = YES;
				GCC_WARN_ABOUT_RETURN_TYPE = YES_ERROR;
				GCC_WARN_UNDECLARED_SELECTOR = YES;
				GCC_WARN_UNINITIALIZED_AUTOS = YES_AGGRESSIVE;
				GCC_WARN_UNUSED_FUNCTION = YES;
				GCC_WARN_UNUSED_VARIABLE = YES;
				IPHONEOS_DEPLOYMENT_TARGET = 9.3;
				MTL_ENABLE_DEBUG_INFO = YES;
				ONLY_ACTIVE_ARCH = YES;
				SDKROOT = iphoneos;
				SWIFT_OPTIMIZATION_LEVEL = "-Onone";
			};
			name = Debug;
		};
		A5A556F01D31103500F37CC4 /* Release */ = {
			isa = XCBuildConfiguration;
			buildSettings = {
				ALWAYS_SEARCH_USER_PATHS = NO;
				CLANG_ANALYZER_NONNULL = YES;
				CLANG_CXX_LANGUAGE_STANDARD = "gnu++0x";
				CLANG_CXX_LIBRARY = "libc++";
				CLANG_ENABLE_MODULES = YES;
				CLANG_ENABLE_OBJC_ARC = YES;
				CLANG_WARN_BOOL_CONVERSION = YES;
				CLANG_WARN_CONSTANT_CONVERSION = YES;
				CLANG_WARN_DIRECT_OBJC_ISA_USAGE = YES_ERROR;
				CLANG_WARN_EMPTY_BODY = YES;
				CLANG_WARN_ENUM_CONVERSION = YES;
				CLANG_WARN_INT_CONVERSION = YES;
				CLANG_WARN_OBJC_ROOT_CLASS = YES_ERROR;
				CLANG_WARN_UNREACHABLE_CODE = YES;
				CLANG_WARN__DUPLICATE_METHOD_MATCH = YES;
				"CODE_SIGN_IDENTITY[sdk=iphoneos*]" = "iPhone Developer";
				COPY_PHASE_STRIP = NO;
				DEBUG_INFORMATION_FORMAT = "dwarf-with-dsym";
				ENABLE_NS_ASSERTIONS = NO;
				ENABLE_STRICT_OBJC_MSGSEND = YES;
				GCC_C_LANGUAGE_STANDARD = gnu99;
				GCC_NO_COMMON_BLOCKS = YES;
				GCC_WARN_64_TO_32_BIT_CONVERSION = YES;
				GCC_WARN_ABOUT_RETURN_TYPE = YES_ERROR;
				GCC_WARN_UNDECLARED_SELECTOR = YES;
				GCC_WARN_UNINITIALIZED_AUTOS = YES_AGGRESSIVE;
				GCC_WARN_UNUSED_FUNCTION = YES;
				GCC_WARN_UNUSED_VARIABLE = YES;
				IPHONEOS_DEPLOYMENT_TARGET = 9.3;
				MTL_ENABLE_DEBUG_INFO = NO;
				SDKROOT = iphoneos;
				VALIDATE_PRODUCT = YES;
			};
			name = Release;
		};
		A5A556F21D31103500F37CC4 /* Debug */ = {
			isa = XCBuildConfiguration;
			buildSettings = {
				ASSETCATALOG_COMPILER_APPICON_NAME = AppIcon;
				INFOPLIST_FILE = TabBarExample/Info.plist;
				LD_RUNPATH_SEARCH_PATHS = "$(inherited) @executable_path/Frameworks";
				PRODUCT_BUNDLE_IDENTIFIER = "com.niit-tech.TabBarExample";
				PRODUCT_NAME = "$(TARGET_NAME)";
			};
			name = Debug;
		};
		A5A556F31D31103500F37CC4 /* Release */ = {
			isa = XCBuildConfiguration;
			buildSettings = {
				ASSETCATALOG_COMPILER_APPICON_NAME = AppIcon;
				INFOPLIST_FILE = TabBarExample/Info.plist;
				LD_RUNPATH_SEARCH_PATHS = "$(inherited) @executable_path/Frameworks";
				PRODUCT_BUNDLE_IDENTIFIER = "com.niit-tech.TabBarExample";
				PRODUCT_NAME = "$(TARGET_NAME)";
			};
			name = Release;
		};
		A5A556F51D31103500F37CC4 /* Debug */ = {
			isa = XCBuildConfiguration;
			buildSettings = {
				BUNDLE_LOADER = "$(TEST_HOST)";
				INFOPLIST_FILE = TabBarExampleTests/Info.plist;
				LD_RUNPATH_SEARCH_PATHS = "$(inherited) @executable_path/Frameworks @loader_path/Frameworks";
				PRODUCT_BUNDLE_IDENTIFIER = "com.niit-tech.TabBarExampleTests";
				PRODUCT_NAME = "$(TARGET_NAME)";
				TEST_HOST = "$(BUILT_PRODUCTS_DIR)/TabBarExample.app/TabBarExample";
			};
			name = Debug;
		};
		A5A556F61D31103500F37CC4 /* Release */ = {
			isa = XCBuildConfiguration;
			buildSettings = {
				BUNDLE_LOADER = "$(TEST_HOST)";
				INFOPLIST_FILE = TabBarExampleTests/Info.plist;
				LD_RUNPATH_SEARCH_PATHS = "$(inherited) @executable_path/Frameworks @loader_path/Frameworks";
				PRODUCT_BUNDLE_IDENTIFIER = "com.niit-tech.TabBarExampleTests";
				PRODUCT_NAME = "$(TARGET_NAME)";
				TEST_HOST = "$(BUILT_PRODUCTS_DIR)/TabBarExample.app/TabBarExample";
			};
			name = Release;
		};
		A5A556F81D31103500F37CC4 /* Debug */ = {
			isa = XCBuildConfiguration;
			buildSettings = {
				INFOPLIST_FILE = TabBarExampleUITests/Info.plist;
				LD_RUNPATH_SEARCH_PATHS = "$(inherited) @executable_path/Frameworks @loader_path/Frameworks";
				PRODUCT_BUNDLE_IDENTIFIER = "com.niit-tech.TabBarExampleUITests";
				PRODUCT_NAME = "$(TARGET_NAME)";
				TEST_TARGET_NAME = TabBarExample;
			};
			name = Debug;
		};
		A5A556F91D31103500F37CC4 /* Release */ = {
			isa = XCBuildConfiguration;
			buildSettings = {
				INFOPLIST_FILE = TabBarExampleUITests/Info.plist;
				LD_RUNPATH_SEARCH_PATHS = "$(inherited) @executable_path/Frameworks @loader_path/Frameworks";
				PRODUCT_BUNDLE_IDENTIFIER = "com.niit-tech.TabBarExampleUITests";
				PRODUCT_NAME = "$(TARGET_NAME)";
				TEST_TARGET_NAME = TabBarExample;
			};
			name = Release;
		};
/* End XCBuildConfiguration section */

/* Begin XCConfigurationList section */
		A5A556C21D31103500F37CC4 /* Build configuration list for PBXProject "TabBarExample" */ = {
			isa = XCConfigurationList;
			buildConfigurations = (
				A5A556EF1D31103500F37CC4 /* Debug */,
				A5A556F01D31103500F37CC4 /* Release */,
			);
			defaultConfigurationIsVisible = 0;
			defaultConfigurationName = Release;
		};
		A5A556F11D31103500F37CC4 /* Build configuration list for PBXNativeTarget "TabBarExample" */ = {
			isa = XCConfigurationList;
			buildConfigurations = (
				A5A556F21D31103500F37CC4 /* Debug */,
				A5A556F31D31103500F37CC4 /* Release */,
			);
			defaultConfigurationIsVisible = 0;
		};
		A5A556F41D31103500F37CC4 /* Build configuration list for PBXNativeTarget "TabBarExampleTests" */ = {
			isa = XCConfigurationList;
			buildConfigurations = (
				A5A556F51D31103500F37CC4 /* Debug */,
				A5A556F61D31103500F37CC4 /* Release */,
			);
			defaultConfigurationIsVisible = 0;
		};
		A5A556F71D31103500F37CC4 /* Build configuration list for PBXNativeTarget "TabBarExampleUITests" */ = {
			isa = XCConfigurationList;
			buildConfigurations = (
				A5A556F81D31103500F37CC4 /* Debug */,
				A5A556F91D31103500F37CC4 /* Release */,
			);
			defaultConfigurationIsVisible = 0;
		};
/* End XCConfigurationList section */
	};
	rootObject = A5A556BF1D31103500F37CC4 /* Project object */;
}
